
Microsoft Visual Studio Solution File, Format Version 12.00
# Visual Studio Version 17
VisualStudioVersion = 17.7.34018.315
MinimumVisualStudioVersion = 10.0.40219.1
Project("{2150E333-8FDC-42A3-9474-1A3956D46DE8}") = "src", "src", "{60222516-4696-41F1-BC3A-A8E0709FB662}"
EndProject
Project("{2150E333-8FDC-42A3-9474-1A3956D46DE8}") = "tests", "tests", "{8EC14828-C4B2-41B3-A211-453035CBE632}"
EndProject
Project("{9A19103F-16F7-4668-BE54-9A1E7A4F7556}") = "Fiap.TechChallenge.One.Domain", "src\Fiap.TechChallenge.One.Domain\Fiap.TechChallenge.One.Domain.csproj", "{CC57DB52-5383-4810-AEB9-430F6E7827A4}"
EndProject
Project("{9A19103F-16F7-4668-BE54-9A1E7A4F7556}") = "Domain.UnitTests", "tests\Domain.UnitTests\Domain.UnitTests.csproj", "{56135C3C-CBAF-4C29-AE74-B16EC6C191EF}"
EndProject
Project("{9A19103F-16F7-4668-BE54-9A1E7A4F7556}") = "Fiap.TechChallenge.One.Application", "src\Fiap.TechChallenge.One.Application\Fiap.TechChallenge.One.Application.csproj", "{B9694ED5-9F7A-49E0-AA46-D83B6E2ADA1B}"
EndProject
Project("{9A19103F-16F7-4668-BE54-9A1E7A4F7556}") = "Application.UnitTests", "tests\Application.UnitTests\Application.UnitTests.csproj", "{566C83CB-FED2-43F7-9CB7-B23F3D81BEE6}"
EndProject
Project("{9A19103F-16F7-4668-BE54-9A1E7A4F7556}") = "Fiap.TechChallenge.One.Infrastructure", "src\Fiap.TechChallenge.One.Infrastructure\Fiap.TechChallenge.One.Infrastructure.csproj", "{42CD5E68-0573-4855-9B05-133E2E291C9D}"
EndProject
Project("{9A19103F-16F7-4668-BE54-9A1E7A4F7556}") = "Fiap.TechChallenge.One.API", "src\Fiap.TechChallenge.One.API\Fiap.TechChallenge.One.API.csproj", "{8ED16DFA-E569-40EC-8082-D15F77F6503B}"
EndProject
Project("{9A19103F-16F7-4668-BE54-9A1E7A4F7556}") = "Api.IntegrationTests", "tests\Api.IntegrationTests\Api.IntegrationTests.csproj", "{0EB009F4-2E3B-40A4-9E1B-996411B3185B}"
EndProject
Project("{E53339B2-1760-4266-BCC7-CA923CBCF16C}") = "docker-compose", "docker-compose.dcproj", "{B5B349F3-00A4-4DEB-991C-90DBD1C22A57}"
EndProject
Project("{2150E333-8FDC-42A3-9474-1A3956D46DE8}") = "services", "services", "{E207707A-9D39-40BA-87CB-6873CAC77B40}"
EndProject
Project("{2150E333-8FDC-42A3-9474-1A3956D46DE8}") = "blocks", "blocks", "{59F94796-33F8-4DA7-B09F-443D9BDD170F}"
EndProject
Project("{2150E333-8FDC-42A3-9474-1A3956D46DE8}") = "Cadastro", "Cadastro", "{4EE56401-2060-45CA-8A3C-F043E265DCEE}"
EndProject
Project("{9A19103F-16F7-4668-BE54-9A1E7A4F7556}") = "Fiap.TechChallenge.Cadastro.API", "src\services\Fiap.TechChallenge.Cadastro.API\Fiap.TechChallenge.Cadastro.API.csproj", "{BFB3D64E-9C58-4BE6-B5BB-7BAB449742A2}"
EndProject
Project("{9A19103F-16F7-4668-BE54-9A1E7A4F7556}") = "Fiap.TechChallenge.Kernel", "src\blocks\Fiap.TechChallenge.Kernel\Fiap.TechChallenge.Kernel.csproj", "{D806EB8A-F47F-4258-8AE8-CA9935F4D985}"
EndProject
Project("{9A19103F-16F7-4668-BE54-9A1E7A4F7556}") = "Fiap.TechChallenge.Application", "src\blocks\Fiap.TechChallenge.Application\Fiap.TechChallenge.Application.csproj", "{EFB16454-1CD7-4B09-B513-F64341DB13C4}"
EndProject
Project("{9A19103F-16F7-4668-BE54-9A1E7A4F7556}") = "Fiap.TechChallenge.Api", "src\blocks\Fiap.TechChallenge.Api\Fiap.TechChallenge.Api.csproj", "{887DDBB5-0513-42BC-9BC5-FCB119B36375}"
EndProject
Project("{9A19103F-16F7-4668-BE54-9A1E7A4F7556}") = "Fiap.TechChallenge.Infrastructure", "src\blocks\Fiap.TechChallenge.Infrastructure\Fiap.TechChallenge.Infrastructure.csproj", "{E6B288CC-1961-4400-8516-0BC611FED0E8}"
EndProject
Project("{2150E333-8FDC-42A3-9474-1A3956D46DE8}") = "Exclusao", "Exclusao", "{9AA1EEDC-8EF4-468A-B833-CD07D9C9EE95}"
EndProject
Project("{2150E333-8FDC-42A3-9474-1A3956D46DE8}") = "Listagem", "Listagem", "{28AB5366-5E3F-4341-831A-7D9D3B388AB5}"
EndProject
Project("{2150E333-8FDC-42A3-9474-1A3956D46DE8}") = "Atualizacao", "Atualizacao", "{33D6F18D-CAF9-4EFB-9E53-B1A99C00731D}"
EndProject
Project("{9A19103F-16F7-4668-BE54-9A1E7A4F7556}") = "Fiap.TechChallenge.Atualizacao.API", "src\services\Fiap.TechChallenge.Atualizacao.API\Fiap.TechChallenge.Atualizacao.API.csproj", "{A9717EF4-FFFC-47FE-BC85-5B70EFEC4370}"
EndProject
Project("{9A19103F-16F7-4668-BE54-9A1E7A4F7556}") = "Fiap.TechChallenge.Exclusao.API", "src\services\Fiap.TechChallenge.Exclusao.API\Fiap.TechChallenge.Exclusao.API.csproj", "{439E3F1E-6A3E-497F-BF18-9315654BEA65}"
EndProject
Project("{9A19103F-16F7-4668-BE54-9A1E7A4F7556}") = "Fiap.TechChallenge.Listagem.API", "src\services\Fiap.TechChallenge.Listagem.API\Fiap.TechChallenge.Listagem.API.csproj", "{8EFD9B7E-A685-47CB-A597-C522012413C3}"
EndProject
Project("{2150E333-8FDC-42A3-9474-1A3956D46DE8}") = "Listagem", "Listagem", "{3605DCC1-2802-4FE0-B727-46E775FD8DFB}"
EndProject
Project("{FAE04EC0-301F-11D3-BF4B-00C04F79EFBC}") = "Fiap.TechChallenge.Listagem.UnitTests", "tests\Fiap.TechChallenge.Listagem.UnitTests\Fiap.TechChallenge.Listagem.UnitTests.csproj", "{B6CCF6D7-C8C3-4AFF-8848-DB9A7143D214}"
EndProject
Project("{FAE04EC0-301F-11D3-BF4B-00C04F79EFBC}") = "Fiap.TechChallenge.Listagem.IntegrationTests", "tests\Fiap.TechChallenge.Listagem.IntegrationTests\Fiap.TechChallenge.Listagem.IntegrationTests.csproj", "{48595325-BABA-45C8-A80D-A2FA5E994D91}"
EndProject
Project("{FAE04EC0-301F-11D3-BF4B-00C04F79EFBC}") = "Integration.BaseTests", "tests\Integration.BaseTests\Integration.BaseTests.csproj", "{7182F189-D97B-43CF-BE75-AFD4DDECE6E1}"
EndProject
Project("{2150E333-8FDC-42A3-9474-1A3956D46DE8}") = "Cadastro", "Cadastro", "{5BD3ED6E-EDBF-450E-B9A9-6EA06004F7A5}"
EndProject
Project("{FAE04EC0-301F-11D3-BF4B-00C04F79EFBC}") = "Fiap.TechChallenge.Cadastro.UnitTests", "tests\Fiap.TechChallenge.Cadastro.UnitTests\Fiap.TechChallenge.Cadastro.UnitTests.csproj", "{C0E6D59E-F08C-4082-A331-898ECDBCA1AC}"
EndProject
Project("{2150E333-8FDC-42A3-9474-1A3956D46DE8}") = "Atualizacao", "Atualizacao", "{77D9DCDB-662B-4CF0-AEEE-119EFF3D15C2}"
EndProject
Project("{FAE04EC0-301F-11D3-BF4B-00C04F79EFBC}") = "Fiap.TechChallenge.Atualizacao.UnitTests", "tests\Fiap.TechChallenge.Atualizacao.UnitTests\Fiap.TechChallenge.Atualizacao.UnitTests.csproj", "{944BD7E9-3B93-4ACF-8164-D68E6CCBC818}"
EndProject
Global
	GlobalSection(SolutionConfigurationPlatforms) = preSolution
		Debug|Any CPU = Debug|Any CPU
		Release|Any CPU = Release|Any CPU
	EndGlobalSection
	GlobalSection(ProjectConfigurationPlatforms) = postSolution
		{CC57DB52-5383-4810-AEB9-430F6E7827A4}.Debug|Any CPU.ActiveCfg = Debug|Any CPU
		{CC57DB52-5383-4810-AEB9-430F6E7827A4}.Debug|Any CPU.Build.0 = Debug|Any CPU
		{CC57DB52-5383-4810-AEB9-430F6E7827A4}.Release|Any CPU.ActiveCfg = Release|Any CPU
		{CC57DB52-5383-4810-AEB9-430F6E7827A4}.Release|Any CPU.Build.0 = Release|Any CPU
		{56135C3C-CBAF-4C29-AE74-B16EC6C191EF}.Debug|Any CPU.ActiveCfg = Debug|Any CPU
		{56135C3C-CBAF-4C29-AE74-B16EC6C191EF}.Debug|Any CPU.Build.0 = Debug|Any CPU
		{56135C3C-CBAF-4C29-AE74-B16EC6C191EF}.Release|Any CPU.ActiveCfg = Release|Any CPU
		{56135C3C-CBAF-4C29-AE74-B16EC6C191EF}.Release|Any CPU.Build.0 = Release|Any CPU
		{B9694ED5-9F7A-49E0-AA46-D83B6E2ADA1B}.Debug|Any CPU.ActiveCfg = Debug|Any CPU
		{B9694ED5-9F7A-49E0-AA46-D83B6E2ADA1B}.Debug|Any CPU.Build.0 = Debug|Any CPU
		{B9694ED5-9F7A-49E0-AA46-D83B6E2ADA1B}.Release|Any CPU.ActiveCfg = Release|Any CPU
		{B9694ED5-9F7A-49E0-AA46-D83B6E2ADA1B}.Release|Any CPU.Build.0 = Release|Any CPU
		{566C83CB-FED2-43F7-9CB7-B23F3D81BEE6}.Debug|Any CPU.ActiveCfg = Debug|Any CPU
		{566C83CB-FED2-43F7-9CB7-B23F3D81BEE6}.Debug|Any CPU.Build.0 = Debug|Any CPU
		{566C83CB-FED2-43F7-9CB7-B23F3D81BEE6}.Release|Any CPU.ActiveCfg = Release|Any CPU
		{566C83CB-FED2-43F7-9CB7-B23F3D81BEE6}.Release|Any CPU.Build.0 = Release|Any CPU
		{42CD5E68-0573-4855-9B05-133E2E291C9D}.Debug|Any CPU.ActiveCfg = Debug|Any CPU
		{42CD5E68-0573-4855-9B05-133E2E291C9D}.Debug|Any CPU.Build.0 = Debug|Any CPU
		{42CD5E68-0573-4855-9B05-133E2E291C9D}.Release|Any CPU.ActiveCfg = Release|Any CPU
		{42CD5E68-0573-4855-9B05-133E2E291C9D}.Release|Any CPU.Build.0 = Release|Any CPU
		{8ED16DFA-E569-40EC-8082-D15F77F6503B}.Debug|Any CPU.ActiveCfg = Debug|Any CPU
		{8ED16DFA-E569-40EC-8082-D15F77F6503B}.Debug|Any CPU.Build.0 = Debug|Any CPU
		{8ED16DFA-E569-40EC-8082-D15F77F6503B}.Release|Any CPU.ActiveCfg = Release|Any CPU
		{8ED16DFA-E569-40EC-8082-D15F77F6503B}.Release|Any CPU.Build.0 = Release|Any CPU
		{0EB009F4-2E3B-40A4-9E1B-996411B3185B}.Debug|Any CPU.ActiveCfg = Debug|Any CPU
		{0EB009F4-2E3B-40A4-9E1B-996411B3185B}.Debug|Any CPU.Build.0 = Debug|Any CPU
		{0EB009F4-2E3B-40A4-9E1B-996411B3185B}.Release|Any CPU.ActiveCfg = Release|Any CPU
		{0EB009F4-2E3B-40A4-9E1B-996411B3185B}.Release|Any CPU.Build.0 = Release|Any CPU
		{B5B349F3-00A4-4DEB-991C-90DBD1C22A57}.Debug|Any CPU.ActiveCfg = Debug|Any CPU
		{B5B349F3-00A4-4DEB-991C-90DBD1C22A57}.Debug|Any CPU.Build.0 = Debug|Any CPU
		{B5B349F3-00A4-4DEB-991C-90DBD1C22A57}.Release|Any CPU.ActiveCfg = Release|Any CPU
		{B5B349F3-00A4-4DEB-991C-90DBD1C22A57}.Release|Any CPU.Build.0 = Release|Any CPU
		{BFB3D64E-9C58-4BE6-B5BB-7BAB449742A2}.Debug|Any CPU.ActiveCfg = Debug|Any CPU
		{BFB3D64E-9C58-4BE6-B5BB-7BAB449742A2}.Debug|Any CPU.Build.0 = Debug|Any CPU
		{BFB3D64E-9C58-4BE6-B5BB-7BAB449742A2}.Release|Any CPU.ActiveCfg = Release|Any CPU
		{BFB3D64E-9C58-4BE6-B5BB-7BAB449742A2}.Release|Any CPU.Build.0 = Release|Any CPU
		{D806EB8A-F47F-4258-8AE8-CA9935F4D985}.Debug|Any CPU.ActiveCfg = Debug|Any CPU
		{D806EB8A-F47F-4258-8AE8-CA9935F4D985}.Debug|Any CPU.Build.0 = Debug|Any CPU
		{D806EB8A-F47F-4258-8AE8-CA9935F4D985}.Release|Any CPU.ActiveCfg = Release|Any CPU
		{D806EB8A-F47F-4258-8AE8-CA9935F4D985}.Release|Any CPU.Build.0 = Release|Any CPU
		{EFB16454-1CD7-4B09-B513-F64341DB13C4}.Debug|Any CPU.ActiveCfg = Debug|Any CPU
		{EFB16454-1CD7-4B09-B513-F64341DB13C4}.Debug|Any CPU.Build.0 = Debug|Any CPU
		{EFB16454-1CD7-4B09-B513-F64341DB13C4}.Release|Any CPU.ActiveCfg = Release|Any CPU
		{EFB16454-1CD7-4B09-B513-F64341DB13C4}.Release|Any CPU.Build.0 = Release|Any CPU
		{887DDBB5-0513-42BC-9BC5-FCB119B36375}.Debug|Any CPU.ActiveCfg = Debug|Any CPU
		{887DDBB5-0513-42BC-9BC5-FCB119B36375}.Debug|Any CPU.Build.0 = Debug|Any CPU
		{887DDBB5-0513-42BC-9BC5-FCB119B36375}.Release|Any CPU.ActiveCfg = Release|Any CPU
		{887DDBB5-0513-42BC-9BC5-FCB119B36375}.Release|Any CPU.Build.0 = Release|Any CPU
		{E6B288CC-1961-4400-8516-0BC611FED0E8}.Debug|Any CPU.ActiveCfg = Debug|Any CPU
		{E6B288CC-1961-4400-8516-0BC611FED0E8}.Debug|Any CPU.Build.0 = Debug|Any CPU
		{E6B288CC-1961-4400-8516-0BC611FED0E8}.Release|Any CPU.ActiveCfg = Release|Any CPU
		{E6B288CC-1961-4400-8516-0BC611FED0E8}.Release|Any CPU.Build.0 = Release|Any CPU
		{A9717EF4-FFFC-47FE-BC85-5B70EFEC4370}.Debug|Any CPU.ActiveCfg = Debug|Any CPU
		{A9717EF4-FFFC-47FE-BC85-5B70EFEC4370}.Debug|Any CPU.Build.0 = Debug|Any CPU
		{A9717EF4-FFFC-47FE-BC85-5B70EFEC4370}.Release|Any CPU.ActiveCfg = Release|Any CPU
		{A9717EF4-FFFC-47FE-BC85-5B70EFEC4370}.Release|Any CPU.Build.0 = Release|Any CPU
		{439E3F1E-6A3E-497F-BF18-9315654BEA65}.Debug|Any CPU.ActiveCfg = Debug|Any CPU
		{439E3F1E-6A3E-497F-BF18-9315654BEA65}.Debug|Any CPU.Build.0 = Debug|Any CPU
		{439E3F1E-6A3E-497F-BF18-9315654BEA65}.Release|Any CPU.ActiveCfg = Release|Any CPU
		{439E3F1E-6A3E-497F-BF18-9315654BEA65}.Release|Any CPU.Build.0 = Release|Any CPU
		{8EFD9B7E-A685-47CB-A597-C522012413C3}.Debug|Any CPU.ActiveCfg = Debug|Any CPU
		{8EFD9B7E-A685-47CB-A597-C522012413C3}.Debug|Any CPU.Build.0 = Debug|Any CPU
		{8EFD9B7E-A685-47CB-A597-C522012413C3}.Release|Any CPU.ActiveCfg = Release|Any CPU
		{8EFD9B7E-A685-47CB-A597-C522012413C3}.Release|Any CPU.Build.0 = Release|Any CPU
		{B6CCF6D7-C8C3-4AFF-8848-DB9A7143D214}.Debug|Any CPU.ActiveCfg = Debug|Any CPU
		{B6CCF6D7-C8C3-4AFF-8848-DB9A7143D214}.Debug|Any CPU.Build.0 = Debug|Any CPU
		{B6CCF6D7-C8C3-4AFF-8848-DB9A7143D214}.Release|Any CPU.ActiveCfg = Release|Any CPU
		{B6CCF6D7-C8C3-4AFF-8848-DB9A7143D214}.Release|Any CPU.Build.0 = Release|Any CPU
		{48595325-BABA-45C8-A80D-A2FA5E994D91}.Debug|Any CPU.ActiveCfg = Debug|Any CPU
		{48595325-BABA-45C8-A80D-A2FA5E994D91}.Debug|Any CPU.Build.0 = Debug|Any CPU
		{48595325-BABA-45C8-A80D-A2FA5E994D91}.Release|Any CPU.ActiveCfg = Release|Any CPU
		{48595325-BABA-45C8-A80D-A2FA5E994D91}.Release|Any CPU.Build.0 = Release|Any CPU
		{7182F189-D97B-43CF-BE75-AFD4DDECE6E1}.Debug|Any CPU.ActiveCfg = Debug|Any CPU
		{7182F189-D97B-43CF-BE75-AFD4DDECE6E1}.Debug|Any CPU.Build.0 = Debug|Any CPU
		{7182F189-D97B-43CF-BE75-AFD4DDECE6E1}.Release|Any CPU.ActiveCfg = Release|Any CPU
		{7182F189-D97B-43CF-BE75-AFD4DDECE6E1}.Release|Any CPU.Build.0 = Release|Any CPU
		{C0E6D59E-F08C-4082-A331-898ECDBCA1AC}.Debug|Any CPU.ActiveCfg = Debug|Any CPU
		{C0E6D59E-F08C-4082-A331-898ECDBCA1AC}.Debug|Any CPU.Build.0 = Debug|Any CPU
		{C0E6D59E-F08C-4082-A331-898ECDBCA1AC}.Release|Any CPU.ActiveCfg = Release|Any CPU
		{C0E6D59E-F08C-4082-A331-898ECDBCA1AC}.Release|Any CPU.Build.0 = Release|Any CPU
		{944BD7E9-3B93-4ACF-8164-D68E6CCBC818}.Debug|Any CPU.ActiveCfg = Debug|Any CPU
		{944BD7E9-3B93-4ACF-8164-D68E6CCBC818}.Debug|Any CPU.Build.0 = Debug|Any CPU
		{944BD7E9-3B93-4ACF-8164-D68E6CCBC818}.Release|Any CPU.ActiveCfg = Release|Any CPU
		{944BD7E9-3B93-4ACF-8164-D68E6CCBC818}.Release|Any CPU.Build.0 = Release|Any CPU
	EndGlobalSection
	GlobalSection(SolutionProperties) = preSolution
		HideSolutionNode = FALSE
	EndGlobalSection
	GlobalSection(NestedProjects) = preSolution
		{CC57DB52-5383-4810-AEB9-430F6E7827A4} = {60222516-4696-41F1-BC3A-A8E0709FB662}
		{56135C3C-CBAF-4C29-AE74-B16EC6C191EF} = {8EC14828-C4B2-41B3-A211-453035CBE632}
		{B9694ED5-9F7A-49E0-AA46-D83B6E2ADA1B} = {60222516-4696-41F1-BC3A-A8E0709FB662}
		{566C83CB-FED2-43F7-9CB7-B23F3D81BEE6} = {8EC14828-C4B2-41B3-A211-453035CBE632}
		{42CD5E68-0573-4855-9B05-133E2E291C9D} = {60222516-4696-41F1-BC3A-A8E0709FB662}
		{8ED16DFA-E569-40EC-8082-D15F77F6503B} = {60222516-4696-41F1-BC3A-A8E0709FB662}
		{0EB009F4-2E3B-40A4-9E1B-996411B3185B} = {8EC14828-C4B2-41B3-A211-453035CBE632}
		{E207707A-9D39-40BA-87CB-6873CAC77B40} = {60222516-4696-41F1-BC3A-A8E0709FB662}
		{59F94796-33F8-4DA7-B09F-443D9BDD170F} = {60222516-4696-41F1-BC3A-A8E0709FB662}
		{4EE56401-2060-45CA-8A3C-F043E265DCEE} = {E207707A-9D39-40BA-87CB-6873CAC77B40}
		{BFB3D64E-9C58-4BE6-B5BB-7BAB449742A2} = {4EE56401-2060-45CA-8A3C-F043E265DCEE}
		{D806EB8A-F47F-4258-8AE8-CA9935F4D985} = {59F94796-33F8-4DA7-B09F-443D9BDD170F}
		{EFB16454-1CD7-4B09-B513-F64341DB13C4} = {59F94796-33F8-4DA7-B09F-443D9BDD170F}
		{887DDBB5-0513-42BC-9BC5-FCB119B36375} = {59F94796-33F8-4DA7-B09F-443D9BDD170F}
		{E6B288CC-1961-4400-8516-0BC611FED0E8} = {59F94796-33F8-4DA7-B09F-443D9BDD170F}
		{9AA1EEDC-8EF4-468A-B833-CD07D9C9EE95} = {E207707A-9D39-40BA-87CB-6873CAC77B40}
		{28AB5366-5E3F-4341-831A-7D9D3B388AB5} = {E207707A-9D39-40BA-87CB-6873CAC77B40}
		{33D6F18D-CAF9-4EFB-9E53-B1A99C00731D} = {E207707A-9D39-40BA-87CB-6873CAC77B40}
		{A9717EF4-FFFC-47FE-BC85-5B70EFEC4370} = {33D6F18D-CAF9-4EFB-9E53-B1A99C00731D}
		{439E3F1E-6A3E-497F-BF18-9315654BEA65} = {9AA1EEDC-8EF4-468A-B833-CD07D9C9EE95}
		{8EFD9B7E-A685-47CB-A597-C522012413C3} = {28AB5366-5E3F-4341-831A-7D9D3B388AB5}
		{3605DCC1-2802-4FE0-B727-46E775FD8DFB} = {8EC14828-C4B2-41B3-A211-453035CBE632}
		{B6CCF6D7-C8C3-4AFF-8848-DB9A7143D214} = {3605DCC1-2802-4FE0-B727-46E775FD8DFB}
		{48595325-BABA-45C8-A80D-A2FA5E994D91} = {3605DCC1-2802-4FE0-B727-46E775FD8DFB}
		{7182F189-D97B-43CF-BE75-AFD4DDECE6E1} = {8EC14828-C4B2-41B3-A211-453035CBE632}
		{5BD3ED6E-EDBF-450E-B9A9-6EA06004F7A5} = {8EC14828-C4B2-41B3-A211-453035CBE632}
		{C0E6D59E-F08C-4082-A331-898ECDBCA1AC} = {5BD3ED6E-EDBF-450E-B9A9-6EA06004F7A5}
		{77D9DCDB-662B-4CF0-AEEE-119EFF3D15C2} = {8EC14828-C4B2-41B3-A211-453035CBE632}
		{944BD7E9-3B93-4ACF-8164-D68E6CCBC818} = {77D9DCDB-662B-4CF0-AEEE-119EFF3D15C2}
	EndGlobalSection
	GlobalSection(ExtensibilityGlobals) = postSolution
		SolutionGuid = {5A395344-7865-4074-B5EB-CF130E9C451E}
	EndGlobalSection
EndGlobal
